
Microsoft Visual Studio Solution File, Format Version 12.00
# Visual Studio Version 17
VisualStudioVersion = 17.3.32804.467
MinimumVisualStudioVersion = 10.0.40219.1
Project("{FAE04EC0-301F-11D3-BF4B-00C04F79EFBC}") = "TacticalReload", "TacticalReload\TacticalReload.csproj", "{AD6B2D22-5914-4D58-B0D9-37A5D2887ABE}"
EndProject
Global
	GlobalSection(SolutionConfigurationPlatforms) = preSolution
		Debug|Any CPU = Debug|Any CPU
		Release|Any CPU = Release|Any CPU
	EndGlobalSection
	GlobalSection(ProjectConfigurationPlatforms) = postSolution
		{AD6B2D22-5914-4D58-B0D9-37A5D2887ABE}.Debug|Any CPU.ActiveCfg = Debug|Any CPU
		{AD6B2D22-5914-4D58-B0D9-37A5D2887ABE}.Debug|Any CPU.Build.0 = Debug|Any CPU
		{AD6B2D22-5914-4D58-B0D9-37A5D2887ABE}.Release|Any CPU.ActiveCfg = Release|Any CPU
		{AD6B2D22-5914-4D58-B0D9-37A5D2887ABE}.Release|Any CPU.Build.0 = Release|Any CPU
	EndGlobalSection
	GlobalSection(SolutionProperties) = preSolution
		HideSolutionNode = FALSE
	EndGlobalSection
	GlobalSection(ExtensibilityGlobals) = postSolution
		SolutionGuid = {4C65D95D-6E22-4A52-94BB-3268E0C6A14B}
	EndGlobalSection
EndGlobal
